
Microsoft Visual Studio Solution File, Format Version 12.00
# Visual Studio 15
VisualStudioVersion = 15.0.26730.16
MinimumVisualStudioVersion = 10.0.40219.1
Project("{9A19103F-16F7-4668-BE54-9A1E7A4F7556}") = "SimpleMicroNetwork.AppConsole", "SimpleMicroNetwork.AppConsole\SimpleMicroNetwork.AppConsole.csproj", "{CBE944C9-408D-40F6-8B4C-1AD599916ECB}"
EndProject
Project("{9A19103F-16F7-4668-BE54-9A1E7A4F7556}") = "SimpleMicroNetwork.NetworkHost", "SimpleMicroNetwork.NetworkHost\SimpleMicroNetwork.NetworkHost.csproj", "{C1F80694-B265-4ADA-994F-84678DF30D74}"
EndProject
Project("{9A19103F-16F7-4668-BE54-9A1E7A4F7556}") = "SimpleMicroNetwork.NetworkHost.Test", "SimpleMicroNetwork.NetworkHost.Test\SimpleMicroNetwork.NetworkHost.Test.csproj", "{40773D02-789A-45F8-B748-868BCE021055}"
EndProject
Project("{FAE04EC0-301F-11D3-BF4B-00C04F79EFBC}") = "SimpleMicroNetwork.NetworkClient", "SimpleMicroNetwork.NetworkClient\SimpleMicroNetwork.NetworkClient.csproj", "{94E0B520-B5B6-4609-B1C0-E79A46623F59}"
EndProject
Project("{FAE04EC0-301F-11D3-BF4B-00C04F79EFBC}") = "SimpleMicroNetwork.NetworkData", "SimpleMicroNetwork.NetworkData\SimpleMicroNetwork.NetworkData.csproj", "{59221DDD-7E66-4B0A-94F6-02A8FFBD6C42}"
EndProject
Global
	GlobalSection(SolutionConfigurationPlatforms) = preSolution
		Debug|Any CPU = Debug|Any CPU
		Release|Any CPU = Release|Any CPU
	EndGlobalSection
	GlobalSection(ProjectConfigurationPlatforms) = postSolution
		{CBE944C9-408D-40F6-8B4C-1AD599916ECB}.Debug|Any CPU.ActiveCfg = Debug|Any CPU
		{CBE944C9-408D-40F6-8B4C-1AD599916ECB}.Debug|Any CPU.Build.0 = Debug|Any CPU
		{CBE944C9-408D-40F6-8B4C-1AD599916ECB}.Release|Any CPU.ActiveCfg = Release|Any CPU
		{CBE944C9-408D-40F6-8B4C-1AD599916ECB}.Release|Any CPU.Build.0 = Release|Any CPU
		{C1F80694-B265-4ADA-994F-84678DF30D74}.Debug|Any CPU.ActiveCfg = Debug|Any CPU
		{C1F80694-B265-4ADA-994F-84678DF30D74}.Debug|Any CPU.Build.0 = Debug|Any CPU
		{C1F80694-B265-4ADA-994F-84678DF30D74}.Release|Any CPU.ActiveCfg = Release|Any CPU
		{C1F80694-B265-4ADA-994F-84678DF30D74}.Release|Any CPU.Build.0 = Release|Any CPU
		{40773D02-789A-45F8-B748-868BCE021055}.Debug|Any CPU.ActiveCfg = Debug|Any CPU
		{40773D02-789A-45F8-B748-868BCE021055}.Debug|Any CPU.Build.0 = Debug|Any CPU
		{40773D02-789A-45F8-B748-868BCE021055}.Release|Any CPU.ActiveCfg = Release|Any CPU
		{40773D02-789A-45F8-B748-868BCE021055}.Release|Any CPU.Build.0 = Release|Any CPU
		{94E0B520-B5B6-4609-B1C0-E79A46623F59}.Debug|Any CPU.ActiveCfg = Debug|Any CPU
		{94E0B520-B5B6-4609-B1C0-E79A46623F59}.Debug|Any CPU.Build.0 = Debug|Any CPU
		{94E0B520-B5B6-4609-B1C0-E79A46623F59}.Release|Any CPU.ActiveCfg = Release|Any CPU
		{94E0B520-B5B6-4609-B1C0-E79A46623F59}.Release|Any CPU.Build.0 = Release|Any CPU
		{59221DDD-7E66-4B0A-94F6-02A8FFBD6C42}.Debug|Any CPU.ActiveCfg = Debug|Any CPU
		{59221DDD-7E66-4B0A-94F6-02A8FFBD6C42}.Debug|Any CPU.Build.0 = Debug|Any CPU
		{59221DDD-7E66-4B0A-94F6-02A8FFBD6C42}.Release|Any CPU.ActiveCfg = Release|Any CPU
		{59221DDD-7E66-4B0A-94F6-02A8FFBD6C42}.Release|Any CPU.Build.0 = Release|Any CPU
	EndGlobalSection
	GlobalSection(SolutionProperties) = preSolution
		HideSolutionNode = FALSE
	EndGlobalSection
	GlobalSection(ExtensibilityGlobals) = postSolution
		SolutionGuid = {33B66FB1-04BD-4FD7-87BF-707D799A65CC}
	EndGlobalSection
EndGlobal
